// !$*UTF8*$!
{
	archiveVersion = 1;
	classes = {
	};
	objectVersion = 55;
	objects = {

/* Begin PBXBuildFile section */
		173F1ECC88EE59FBBE94ABA8 /* Pods_FlixMovies.framework in Frameworks */ = {isa = PBXBuildFile; fileRef = 4ED2D5AAE70919948A2D20A9 /* Pods_FlixMovies.framework */; };
		D02E628E27C82498002EA891 /* AppDelegate.swift in Sources */ = {isa = PBXBuildFile; fileRef = D02E628D27C82498002EA891 /* AppDelegate.swift */; };
		D02E629027C82498002EA891 /* SceneDelegate.swift in Sources */ = {isa = PBXBuildFile; fileRef = D02E628F27C82498002EA891 /* SceneDelegate.swift */; };
		D02E629227C82498002EA891 /* MovieTableViewController.swift in Sources */ = {isa = PBXBuildFile; fileRef = D02E629127C82498002EA891 /* MovieTableViewController.swift */; };
		D02E629527C82498002EA891 /* Main.storyboard in Resources */ = {isa = PBXBuildFile; fileRef = D02E629327C82498002EA891 /* Main.storyboard */; };
		D02E629727C8249D002EA891 /* Assets.xcassets in Resources */ = {isa = PBXBuildFile; fileRef = D02E629627C8249D002EA891 /* Assets.xcassets */; };
		D02E629A27C8249D002EA891 /* LaunchScreen.storyboard in Resources */ = {isa = PBXBuildFile; fileRef = D02E629827C8249D002EA891 /* LaunchScreen.storyboard */; };
		D02E62A827C86223002EA891 /* MovieTableViewCell.swift in Sources */ = {isa = PBXBuildFile; fileRef = D02E62A727C86223002EA891 /* MovieTableViewCell.swift */; };
		D02E62AA27C86BA5002EA891 /* MovieService.swift in Sources */ = {isa = PBXBuildFile; fileRef = D02E62A927C86BA5002EA891 /* MovieService.swift */; };
		D02E62AC27C86E21002EA891 /* MovieServiceDelegate.swift in Sources */ = {isa = PBXBuildFile; fileRef = D02E62AB27C86E21002EA891 /* MovieServiceDelegate.swift */; };
		D02E62AE27C86F39002EA891 /* Movie.swift in Sources */ = {isa = PBXBuildFile; fileRef = D02E62AD27C86F39002EA891 /* Movie.swift */; };
		D06E3CC727CC782600681AFF /* MovieDetailViewController.swift in Sources */ = {isa = PBXBuildFile; fileRef = D06E3CC627CC782600681AFF /* MovieDetailViewController.swift */; };
		D0F9D65D27CE71BB004A3284 /* MovieGridViewController.swift in Sources */ = {isa = PBXBuildFile; fileRef = D0F9D65C27CE71BB004A3284 /* MovieGridViewController.swift */; };
		D0F9D65F27CE721F004A3284 /* MovieGridCell.swift in Sources */ = {isa = PBXBuildFile; fileRef = D0F9D65E27CE721F004A3284 /* MovieGridCell.swift */; };
		D0F9D66127D22D20004A3284 /* MovieTrailerViewController.swift in Sources */ = {isa = PBXBuildFile; fileRef = D0F9D66027D22D20004A3284 /* MovieTrailerViewController.swift */; };
/* End PBXBuildFile section */

/* Begin PBXFileReference section */
		4CDDDB4A79C12F24B746AC84 /* Pods-FlixMovies.debug.xcconfig */ = {isa = PBXFileReference; includeInIndex = 1; lastKnownFileType = text.xcconfig; name = "Pods-FlixMovies.debug.xcconfig"; path = "Target Support Files/Pods-FlixMovies/Pods-FlixMovies.debug.xcconfig"; sourceTree = "<group>"; };
		4ED2D5AAE70919948A2D20A9 /* Pods_FlixMovies.framework */ = {isa = PBXFileReference; explicitFileType = wrapper.framework; includeInIndex = 0; path = Pods_FlixMovies.framework; sourceTree = BUILT_PRODUCTS_DIR; };
		8A8E4F4AAB476ADD1CDD01F6 /* Pods-FlixMovies.release.xcconfig */ = {isa = PBXFileReference; includeInIndex = 1; lastKnownFileType = text.xcconfig; name = "Pods-FlixMovies.release.xcconfig"; path = "Target Support Files/Pods-FlixMovies/Pods-FlixMovies.release.xcconfig"; sourceTree = "<group>"; };
		D02E628A27C82498002EA891 /* FlixMovies.app */ = {isa = PBXFileReference; explicitFileType = wrapper.application; includeInIndex = 0; path = FlixMovies.app; sourceTree = BUILT_PRODUCTS_DIR; };
		D02E628D27C82498002EA891 /* AppDelegate.swift */ = {isa = PBXFileReference; lastKnownFileType = sourcecode.swift; path = AppDelegate.swift; sourceTree = "<group>"; };
		D02E628F27C82498002EA891 /* SceneDelegate.swift */ = {isa = PBXFileReference; lastKnownFileType = sourcecode.swift; path = SceneDelegate.swift; sourceTree = "<group>"; };
		D02E629127C82498002EA891 /* MovieTableViewController.swift */ = {isa = PBXFileReference; lastKnownFileType = sourcecode.swift; path = MovieTableViewController.swift; sourceTree = "<group>"; };
		D02E629427C82498002EA891 /* Base */ = {isa = PBXFileReference; lastKnownFileType = file.storyboard; name = Base; path = Base.lproj/Main.storyboard; sourceTree = "<group>"; };
		D02E629627C8249D002EA891 /* Assets.xcassets */ = {isa = PBXFileReference; lastKnownFileType = folder.assetcatalog; path = Assets.xcassets; sourceTree = "<group>"; };
		D02E629927C8249D002EA891 /* Base */ = {isa = PBXFileReference; lastKnownFileType = file.storyboard; name = Base; path = Base.lproj/LaunchScreen.storyboard; sourceTree = "<group>"; };
		D02E629B27C8249D002EA891 /* Info.plist */ = {isa = PBXFileReference; lastKnownFileType = text.plist.xml; path = Info.plist; sourceTree = "<group>"; };
		D02E62A727C86223002EA891 /* MovieTableViewCell.swift */ = {isa = PBXFileReference; lastKnownFileType = sourcecode.swift; path = MovieTableViewCell.swift; sourceTree = "<group>"; };
		D02E62A927C86BA5002EA891 /* MovieService.swift */ = {isa = PBXFileReference; lastKnownFileType = sourcecode.swift; path = MovieService.swift; sourceTree = "<group>"; };
		D02E62AB27C86E21002EA891 /* MovieServiceDelegate.swift */ = {isa = PBXFileReference; lastKnownFileType = sourcecode.swift; path = MovieServiceDelegate.swift; sourceTree = "<group>"; };
		D02E62AD27C86F39002EA891 /* Movie.swift */ = {isa = PBXFileReference; lastKnownFileType = sourcecode.swift; path = Movie.swift; sourceTree = "<group>"; };
		D06E3CC627CC782600681AFF /* MovieDetailViewController.swift */ = {isa = PBXFileReference; lastKnownFileType = sourcecode.swift; path = MovieDetailViewController.swift; sourceTree = "<group>"; };
		D0F9D65C27CE71BB004A3284 /* MovieGridViewController.swift */ = {isa = PBXFileReference; lastKnownFileType = sourcecode.swift; name = MovieGridViewController.swift; path = "/Users/nikolabaci/Desktop/CodePathIOS/GitHubRepos/Flix-Movies-App/FlixMovies/Controller/MovieGridViewController.swift"; sourceTree = "<absolute>"; };
		D0F9D65E27CE721F004A3284 /* MovieGridCell.swift */ = {isa = PBXFileReference; lastKnownFileType = sourcecode.swift; path = MovieGridCell.swift; sourceTree = "<group>"; };
		D0F9D66027D22D20004A3284 /* MovieTrailerViewController.swift */ = {isa = PBXFileReference; lastKnownFileType = sourcecode.swift; path = MovieTrailerViewController.swift; sourceTree = "<group>"; };
/* End PBXFileReference section */

/* Begin PBXFrameworksBuildPhase section */
		D02E628727C82498002EA891 /* Frameworks */ = {
			isa = PBXFrameworksBuildPhase;
			buildActionMask = 2147483647;
			files = (
				173F1ECC88EE59FBBE94ABA8 /* Pods_FlixMovies.framework in Frameworks */,
			);
			runOnlyForDeploymentPostprocessing = 0;
		};
/* End PBXFrameworksBuildPhase section */

/* Begin PBXGroup section */
		045A7AD6A884F58D40EE1B98 /* Frameworks */ = {
			isa = PBXGroup;
			children = (
				4ED2D5AAE70919948A2D20A9 /* Pods_FlixMovies.framework */,
			);
			name = Frameworks;
			sourceTree = "<group>";
		};
		85FE82412D25BF0C03BCA8EC /* Pods */ = {
			isa = PBXGroup;
			children = (
				4CDDDB4A79C12F24B746AC84 /* Pods-FlixMovies.debug.xcconfig */,
				8A8E4F4AAB476ADD1CDD01F6 /* Pods-FlixMovies.release.xcconfig */,
			);
			path = Pods;
			sourceTree = "<group>";
		};
		D02E628127C82498002EA891 = {
			isa = PBXGroup;
			children = (
				D02E628C27C82498002EA891 /* FlixMovies */,
				D02E628B27C82498002EA891 /* Products */,
				85FE82412D25BF0C03BCA8EC /* Pods */,
				045A7AD6A884F58D40EE1B98 /* Frameworks */,
			);
			sourceTree = "<group>";
		};
		D02E628B27C82498002EA891 /* Products */ = {
			isa = PBXGroup;
			children = (
				D02E628A27C82498002EA891 /* FlixMovies.app */,
			);
			name = Products;
			sourceTree = "<group>";
		};
		D02E628C27C82498002EA891 /* FlixMovies */ = {
			isa = PBXGroup;
			children = (
				D02E628D27C82498002EA891 /* AppDelegate.swift */,
				D02E628F27C82498002EA891 /* SceneDelegate.swift */,
				D02E62A327C8330E002EA891 /* Model */,
				D02E62A227C832EE002EA891 /* Controller */,
				D02E62A127C832E3002EA891 /* View */,
				D02E629627C8249D002EA891 /* Assets.xcassets */,
				D02E629B27C8249D002EA891 /* Info.plist */,
			);
			path = FlixMovies;
			sourceTree = "<group>";
		};
		D02E62A127C832E3002EA891 /* View */ = {
			isa = PBXGroup;
			children = (
				D02E629827C8249D002EA891 /* LaunchScreen.storyboard */,
				D02E629327C82498002EA891 /* Main.storyboard */,
			);
			path = View;
			sourceTree = "<group>";
		};
		D02E62A227C832EE002EA891 /* Controller */ = {
			isa = PBXGroup;
			children = (
				D02E629127C82498002EA891 /* MovieTableViewController.swift */,
				D02E62A727C86223002EA891 /* MovieTableViewCell.swift */,
				D06E3CC627CC782600681AFF /* MovieDetailViewController.swift */,
				D0F9D65C27CE71BB004A3284 /* MovieGridViewController.swift */,
				D0F9D65E27CE721F004A3284 /* MovieGridCell.swift */,
				D0F9D66027D22D20004A3284 /* MovieTrailerViewController.swift */,
			);
			path = Controller;
			sourceTree = "<group>";
		};
		D02E62A327C8330E002EA891 /* Model */ = {
			isa = PBXGroup;
			children = (
				D02E62A927C86BA5002EA891 /* MovieService.swift */,
				D02E62AB27C86E21002EA891 /* MovieServiceDelegate.swift */,
				D02E62AD27C86F39002EA891 /* Movie.swift */,
			);
			path = Model;
			sourceTree = "<group>";
		};
/* End PBXGroup section */

/* Begin PBXNativeTarget section */
		D02E628927C82498002EA891 /* FlixMovies */ = {
			isa = PBXNativeTarget;
			buildConfigurationList = D02E629E27C8249D002EA891 /* Build configuration list for PBXNativeTarget "FlixMovies" */;
			buildPhases = (
				21C390DA3FD3BD19247B9AD2 /* [CP] Check Pods Manifest.lock */,
				D02E628627C82498002EA891 /* Sources */,
				D02E628727C82498002EA891 /* Frameworks */,
				D02E628827C82498002EA891 /* Resources */,
				D583C79B3D4BC2DAE0A3600E /* [CP] Embed Pods Frameworks */,
			);
			buildRules = (
			);
			dependencies = (
			);
			name = FlixMovies;
			productName = FlixMovies;
			productReference = D02E628A27C82498002EA891 /* FlixMovies.app */;
			productType = "com.apple.product-type.application";
		};
/* End PBXNativeTarget section */

/* Begin PBXProject section */
		D02E628227C82498002EA891 /* Project object */ = {
			isa = PBXProject;
			attributes = {
				BuildIndependentTargetsInParallel = 1;
				LastSwiftUpdateCheck = 1320;
				LastUpgradeCheck = 1320;
				TargetAttributes = {
					D02E628927C82498002EA891 = {
						CreatedOnToolsVersion = 13.2.1;
					};
				};
			};
			buildConfigurationList = D02E628527C82498002EA891 /* Build configuration list for PBXProject "FlixMovies" */;
			compatibilityVersion = "Xcode 13.0";
			developmentRegion = en;
			hasScannedForEncodings = 0;
			knownRegions = (
				en,
				Base,
			);
			mainGroup = D02E628127C82498002EA891;
			productRefGroup = D02E628B27C82498002EA891 /* Products */;
			projectDirPath = "";
			projectRoot = "";
			targets = (
				D02E628927C82498002EA891 /* FlixMovies */,
			);
		};
/* End PBXProject section */

/* Begin PBXResourcesBuildPhase section */
		D02E628827C82498002EA891 /* Resources */ = {
			isa = PBXResourcesBuildPhase;
			buildActionMask = 2147483647;
			files = (
				D02E629A27C8249D002EA891 /* LaunchScreen.storyboard in Resources */,
				D02E629727C8249D002EA891 /* Assets.xcassets in Resources */,
				D02E629527C82498002EA891 /* Main.storyboard in Resources */,
			);
			runOnlyForDeploymentPostprocessing = 0;
		};
/* End PBXResourcesBuildPhase section */

/* Begin PBXShellScriptBuildPhase section */
		21C390DA3FD3BD19247B9AD2 /* [CP] Check Pods Manifest.lock */ = {
			isa = PBXShellScriptBuildPhase;
			buildActionMask = 2147483647;
			files = (
			);
			inputFileListPaths = (
			);
			inputPaths = (
				"${PODS_PODFILE_DIR_PATH}/Podfile.lock",
				"${PODS_ROOT}/Manifest.lock",
			);
			name = "[CP] Check Pods Manifest.lock";
			outputFileListPaths = (
			);
			outputPaths = (
				"$(DERIVED_FILE_DIR)/Pods-FlixMovies-checkManifestLockResult.txt",
			);
			runOnlyForDeploymentPostprocessing = 0;
			shellPath = /bin/sh;
			shellScript = "diff \"${PODS_PODFILE_DIR_PATH}/Podfile.lock\" \"${PODS_ROOT}/Manifest.lock\" > /dev/null\nif [ $? != 0 ] ; then\n    # print error to STDERR\n    echo \"error: The sandbox is not in sync with the Podfile.lock. Run 'pod install' or update your CocoaPods installation.\" >&2\n    exit 1\nfi\n# This output is used by Xcode 'outputs' to avoid re-running this script phase.\necho \"SUCCESS\" > \"${SCRIPT_OUTPUT_FILE_0}\"\n";
			showEnvVarsInLog = 0;
		};
		D583C79B3D4BC2DAE0A3600E /* [CP] Embed Pods Frameworks */ = {
			isa = PBXShellScriptBuildPhase;
			buildActionMask = 2147483647;
			files = (
			);
			inputFileListPaths = (
				"${PODS_ROOT}/Target Support Files/Pods-FlixMovies/Pods-FlixMovies-frameworks-${CONFIGURATION}-input-files.xcfilelist",
			);
			name = "[CP] Embed Pods Frameworks";
			outputFileListPaths = (
				"${PODS_ROOT}/Target Support Files/Pods-FlixMovies/Pods-FlixMovies-frameworks-${CONFIGURATION}-output-files.xcfilelist",
			);
			runOnlyForDeploymentPostprocessing = 0;
			shellPath = /bin/sh;
			shellScript = "\"${PODS_ROOT}/Target Support Files/Pods-FlixMovies/Pods-FlixMovies-frameworks.sh\"\n";
			showEnvVarsInLog = 0;
		};
/* End PBXShellScriptBuildPhase section */

/* Begin PBXSourcesBuildPhase section */
		D02E628627C82498002EA891 /* Sources */ = {
			isa = PBXSourcesBuildPhase;
			buildActionMask = 2147483647;
			files = (
				D02E62AE27C86F39002EA891 /* Movie.swift in Sources */,
				D02E629227C82498002EA891 /* MovieTableViewController.swift in Sources */,
				D0F9D65F27CE721F004A3284 /* MovieGridCell.swift in Sources */,
				D02E628E27C82498002EA891 /* AppDelegate.swift in Sources */,
				D02E62A827C86223002EA891 /* MovieTableViewCell.swift in Sources */,
				D06E3CC727CC782600681AFF /* MovieDetailViewController.swift in Sources */,
				D02E62AC27C86E21002EA891 /* MovieServiceDelegate.swift in Sources */,
				D0F9D66127D22D20004A3284 /* MovieTrailerViewController.swift in Sources */,
				D02E629027C82498002EA891 /* SceneDelegate.swift in Sources */,
				D02E62AA27C86BA5002EA891 /* MovieService.swift in Sources */,
				D0F9D65D27CE71BB004A3284 /* MovieGridViewController.swift in Sources */,
			);
			runOnlyForDeploymentPostprocessing = 0;
		};
/* End PBXSourcesBuildPhase section */

/* Begin PBXVariantGroup section */
		D02E629327C82498002EA891 /* Main.storyboard */ = {
			isa = PBXVariantGroup;
			children = (
				D02E629427C82498002EA891 /* Base */,
			);
			name = Main.storyboard;
			sourceTree = "<group>";
		};
		D02E629827C8249D002EA891 /* LaunchScreen.storyboard */ = {
			isa = PBXVariantGroup;
			children = (
				D02E629927C8249D002EA891 /* Base */,
			);
			name = LaunchScreen.storyboard;
			sourceTree = "<group>";
		};
/* End PBXVariantGroup section */

/* Begin XCBuildConfiguration section */
		D02E629C27C8249D002EA891 /* Debug */ = {
			isa = XCBuildConfiguration;
			buildSettings = {
				ALWAYS_SEARCH_USER_PATHS = NO;
				CLANG_ANALYZER_NONNULL = YES;
				CLANG_ANALYZER_NUMBER_OBJECT_CONVERSION = YES_AGGRESSIVE;
				CLANG_CXX_LANGUAGE_STANDARD = "gnu++17";
				CLANG_CXX_LIBRARY = "libc++";
				CLANG_ENABLE_MODULES = YES;
				CLANG_ENABLE_OBJC_ARC = YES;
				CLANG_ENABLE_OBJC_WEAK = YES;
				CLANG_WARN_BLOCK_CAPTURE_AUTORELEASING = YES;
				CLANG_WARN_BOOL_CONVERSION = YES;
				CLANG_WARN_COMMA = YES;
				CLANG_WARN_CONSTANT_CONVERSION = YES;
				CLANG_WARN_DEPRECATED_OBJC_IMPLEMENTATIONS = YES;
				CLANG_WARN_DIRECT_OBJC_ISA_USAGE = YES_ERROR;
				CLANG_WARN_DOCUMENTATION_COMMENTS = YES;
				CLANG_WARN_EMPTY_BODY = YES;
				CLANG_WARN_ENUM_CONVERSION = YES;
				CLANG_WARN_INFINITE_RECURSION = YES;
				CLANG_WARN_INT_CONVERSION = YES;
				CLANG_WARN_NON_LITERAL_NULL_CONVERSION = YES;
				CLANG_WARN_OBJC_IMPLICIT_RETAIN_SELF = YES;
				CLANG_WARN_OBJC_LITERAL_CONVERSION = YES;
				CLANG_WARN_OBJC_ROOT_CLASS = YES_ERROR;
				CLANG_WARN_QUOTED_INCLUDE_IN_FRAMEWORK_HEADER = YES;
				CLANG_WARN_RANGE_LOOP_ANALYSIS = YES;
				CLANG_WARN_STRICT_PROTOTYPES = YES;
				CLANG_WARN_SUSPICIOUS_MOVE = YES;
				CLANG_WARN_UNGUARDED_AVAILABILITY = YES_AGGRESSIVE;
				CLANG_WARN_UNREACHABLE_CODE = YES;
				CLANG_WARN__DUPLICATE_METHOD_MATCH = YES;
				COPY_PHASE_STRIP = NO;
				DEBUG_INFORMATION_FORMAT = dwarf;
				ENABLE_STRICT_OBJC_MSGSEND = YES;
				ENABLE_TESTABILITY = YES;
				GCC_C_LANGUAGE_STANDARD = gnu11;
				GCC_DYNAMIC_NO_PIC = NO;
				GCC_NO_COMMON_BLOCKS = YES;
				GCC_OPTIMIZATION_LEVEL = 0;
				GCC_PREPROCESSOR_DEFINITIONS = (
					"DEBUG=1",
					"$(inherited)",
				);
				GCC_WARN_64_TO_32_BIT_CONVERSION = YES;
				GCC_WARN_ABOUT_RETURN_TYPE = YES_ERROR;
				GCC_WARN_UNDECLARED_SELECTOR = YES;
				GCC_WARN_UNINITIALIZED_AUTOS = YES_AGGRESSIVE;
				GCC_WARN_UNUSED_FUNCTION = YES;
				GCC_WARN_UNUSED_VARIABLE = YES;
				IPHONEOS_DEPLOYMENT_TARGET = 15.2;
				MTL_ENABLE_DEBUG_INFO = INCLUDE_SOURCE;
				MTL_FAST_MATH = YES;
				ONLY_ACTIVE_ARCH = YES;
				SDKROOT = iphoneos;
				SWIFT_ACTIVE_COMPILATION_CONDITIONS = DEBUG;
				SWIFT_OPTIMIZATION_LEVEL = "-Onone";
			};
			name = Debug;
		};
		D02E629D27C8249D002EA891 /* Release */ = {
			isa = XCBuildConfiguration;
			buildSettings = {
				ALWAYS_SEARCH_USER_PATHS = NO;
				CLANG_ANALYZER_NONNULL = YES;
				CLANG_ANALYZER_NUMBER_OBJECT_CONVERSION = YES_AGGRESSIVE;
				CLANG_CXX_LANGUAGE_STANDARD = "gnu++17";
				CLANG_CXX_LIBRARY = "libc++";
				CLANG_ENABLE_MODULES = YES;
				CLANG_ENABLE_OBJC_ARC = YES;
				CLANG_ENABLE_OBJC_WEAK = YES;
				CLANG_WARN_BLOCK_CAPTURE_AUTORELEASING = YES;
				CLANG_WARN_BOOL_CONVERSION = YES;
				CLANG_WARN_COMMA = YES;
				CLANG_WARN_CONSTANT_CONVERSION = YES;
				CLANG_WARN_DEPRECATED_OBJC_IMPLEMENTATIONS = YES;
				CLANG_WARN_DIRECT_OBJC_ISA_USAGE = YES_ERROR;
				CLANG_WARN_DOCUMENTATION_COMMENTS = YES;
				CLANG_WARN_EMPTY_BODY = YES;
				CLANG_WARN_ENUM_CONVERSION = YES;
				CLANG_WARN_INFINITE_RECURSION = YES;
				CLANG_WARN_INT_CONVERSION = YES;
				CLANG_WARN_NON_LITERAL_NULL_CONVERSION = YES;
				CLANG_WARN_OBJC_IMPLICIT_RETAIN_SELF = YES;
				CLANG_WARN_OBJC_LITERAL_CONVERSION = YES;
				CLANG_WARN_OBJC_ROOT_CLASS = YES_ERROR;
				CLANG_WARN_QUOTED_INCLUDE_IN_FRAMEWORK_HEADER = YES;
				CLANG_WARN_RANGE_LOOP_ANALYSIS = YES;
				CLANG_WARN_STRICT_PROTOTYPES = YES;
				CLANG_WARN_SUSPICIOUS_MOVE = YES;
				CLANG_WARN_UNGUARDED_AVAILABILITY = YES_AGGRESSIVE;
				CLANG_WARN_UNREACHABLE_CODE = YES;
				CLANG_WARN__DUPLICATE_METHOD_MATCH = YES;
				COPY_PHASE_STRIP = NO;
				DEBUG_INFORMATION_FORMAT = "dwarf-with-dsym";
				ENABLE_NS_ASSERTIONS = NO;
				ENABLE_STRICT_OBJC_MSGSEND = YES;
				GCC_C_LANGUAGE_STANDARD = gnu11;
				GCC_NO_COMMON_BLOCKS = YES;
				GCC_WARN_64_TO_32_BIT_CONVERSION = YES;
				GCC_WARN_ABOUT_RETURN_TYPE = YES_ERROR;
				GCC_WARN_UNDECLARED_SELECTOR = YES;
				GCC_WARN_UNINITIALIZED_AUTOS = YES_AGGRESSIVE;
				GCC_WARN_UNUSED_FUNCTION = YES;
				GCC_WARN_UNUSED_VARIABLE = YES;
				IPHONEOS_DEPLOYMENT_TARGET = 15.2;
				MTL_ENABLE_DEBUG_INFO = NO;
				MTL_FAST_MATH = YES;
				SDKROOT = iphoneos;
				SWIFT_COMPILATION_MODE = wholemodule;
				SWIFT_OPTIMIZATION_LEVEL = "-O";
				VALIDATE_PRODUCT = YES;
			};
			name = Release;
		};
		D02E629F27C8249D002EA891 /* Debug */ = {
			isa = XCBuildConfiguration;
			baseConfigurationReference = 4CDDDB4A79C12F24B746AC84 /* Pods-FlixMovies.debug.xcconfig */;
			buildSettings = {
				ASSETCATALOG_COMPILER_APPICON_NAME = AppIcon;
				ASSETCATALOG_COMPILER_GLOBAL_ACCENT_COLOR_NAME = AccentColor;
				CODE_SIGN_STYLE = Automatic;
				CURRENT_PROJECT_VERSION = 1;
				DEVELOPMENT_TEAM = 5F9697PKM6;
				GENERATE_INFOPLIST_FILE = YES;
				INFOPLIST_FILE = FlixMovies/Info.plist;
				INFOPLIST_KEY_UIApplicationSupportsIndirectInputEvents = YES;
				INFOPLIST_KEY_UILaunchStoryboardName = LaunchScreen;
				INFOPLIST_KEY_UIMainStoryboardFile = Main;
				INFOPLIST_KEY_UISupportedInterfaceOrientations_iPad = "UIInterfaceOrientationPortrait UIInterfaceOrientationPortraitUpsideDown UIInterfaceOrientationLandscapeLeft UIInterfaceOrientationLandscapeRight";
				INFOPLIST_KEY_UISupportedInterfaceOrientations_iPhone = "UIInterfaceOrientationPortrait UIInterfaceOrientationLandscapeLeft UIInterfaceOrientationLandscapeRight";
				LD_RUNPATH_SEARCH_PATHS = (
					"$(inherited)",
					"@executable_path/Frameworks",
				);
				MARKETING_VERSION = 1.0;
				PRODUCT_BUNDLE_IDENTIFIER = com.nikolabaci.FlixMovies;
				PRODUCT_NAME = "$(TARGET_NAME)";
				SWIFT_EMIT_LOC_STRINGS = YES;
				SWIFT_VERSION = 5.0;
				TARGETED_DEVICE_FAMILY = "1,2";
			};
			name = Debug;
		};
		D02E62A027C8249D002EA891 /* Release */ = {
			isa = XCBuildConfiguration;
			baseConfigurationReference = 8A8E4F4AAB476ADD1CDD01F6 /* Pods-FlixMovies.release.xcconfig */;
			buildSettings = {
				ASSETCATALOG_COMPILER_APPICON_NAME = AppIcon;
				ASSETCATALOG_COMPILER_GLOBAL_ACCENT_COLOR_NAME = AccentColor;
				CODE_SIGN_STYLE = Automatic;
				CURRENT_PROJECT_VERSION = 1;
				DEVELOPMENT_TEAM = 5F9697PKM6;
				GENERATE_INFOPLIST_FILE = YES;
				INFOPLIST_FILE = FlixMovies/Info.plist;
				INFOPLIST_KEY_UIApplicationSupportsIndirectInputEvents = YES;
				INFOPLIST_KEY_UILaunchStoryboardName = LaunchScreen;
				INFOPLIST_KEY_UIMainStoryboardFile = Main;
				INFOPLIST_KEY_UISupportedInterfaceOrientations_iPad = "UIInterfaceOrientationPortrait UIInterfaceOrientationPortraitUpsideDown UIInterfaceOrientationLandscapeLeft UIInterfaceOrientationLandscapeRight";
				INFOPLIST_KEY_UISupportedInterfaceOrientations_iPhone = "UIInterfaceOrientationPortrait UIInterfaceOrientationLandscapeLeft UIInterfaceOrientationLandscapeRight";
				LD_RUNPATH_SEARCH_PATHS = (
					"$(inherited)",
					"@executable_path/Frameworks",
				);
				MARKETING_VERSION = 1.0;
				PRODUCT_BUNDLE_IDENTIFIER = com.nikolabaci.FlixMovies;
				PRODUCT_NAME = "$(TARGET_NAME)";
				SWIFT_EMIT_LOC_STRINGS = YES;
				SWIFT_VERSION = 5.0;
				TARGETED_DEVICE_FAMILY = "1,2";
			};
			name = Release;
		};
/* End XCBuildConfiguration section */

/* Begin XCConfigurationList section */
		D02E628527C82498002EA891 /* Build configuration list for PBXProject "FlixMovies" */ = {
			isa = XCConfigurationList;
			buildConfigurations = (
				D02E629C27C8249D002EA891 /* Debug */,
				D02E629D27C8249D002EA891 /* Release */,
			);
			defaultConfigurationIsVisible = 0;
			defaultConfigurationName = Release;
		};
		D02E629E27C8249D002EA891 /* Build configuration list for PBXNativeTarget "FlixMovies" */ = {
			isa = XCConfigurationList;
			buildConfigurations = (
				D02E629F27C8249D002EA891 /* Debug */,
				D02E62A027C8249D002EA891 /* Release */,
			);
			defaultConfigurationIsVisible = 0;
			defaultConfigurationName = Release;
		};
/* End XCConfigurationList section */
	};
	rootObject = D02E628227C82498002EA891 /* Project object */;
}
